
Microsoft Visual Studio Solution File, Format Version 12.00
# Visual Studio Version 16
VisualStudioVersion = 16.0.29709.97
MinimumVisualStudioVersion = 10.0.40219.1
Project("{9A19103F-16F7-4668-BE54-9A1E7A4F7556}") = "XlsToEf", "XlsToEf\XlsToEf.csproj", "{0AEC28D8-5486-4C56-98A5-07E6C1380860}"
EndProject
Project("{9A19103F-16F7-4668-BE54-9A1E7A4F7556}") = "XlsToEf.Example", "XlsToEf.Example\XlsToEf.Example.csproj", "{FE405C2F-6F3B-4822-8FF4-A8750D36B672}"
EndProject
Project("{9A19103F-16F7-4668-BE54-9A1E7A4F7556}") = "XlsToEfCore.Tests", "XlsToEf.Core.Tests\XlsToEfCore.Tests.csproj", "{BF805D0C-1F81-44C9-AD6A-CDB413A1C890}"
EndProject
Project("{9A19103F-16F7-4668-BE54-9A1E7A4F7556}") = "XlsToEf.Core.Example", "XlsToEf.Core.Example\XlsToEf.Core.Example.csproj", "{E3BC77FD-15D5-49D9-ABCF-953621DB70AA}"
EndProject
Project("{9A19103F-16F7-4668-BE54-9A1E7A4F7556}") = "XlsToEfCore", "XlsToEfCore\XlsToEfCore.csproj", "{8AB5CCE4-945B-42F2-9D45-CC9425BCED39}"
EndProject
Project("{9A19103F-16F7-4668-BE54-9A1E7A4F7556}") = "XlsToEf.Tests", "XlsToEfTests\XlsToEf.Tests.csproj", "{655B689B-008A-4B4C-8408-FCA9C0889620}"
EndProject
Global
	GlobalSection(SolutionConfigurationPlatforms) = preSolution
		Debug|Any CPU = Debug|Any CPU
		Release|Any CPU = Release|Any CPU
	EndGlobalSection
	GlobalSection(ProjectConfigurationPlatforms) = postSolution
		{0AEC28D8-5486-4C56-98A5-07E6C1380860}.Debug|Any CPU.ActiveCfg = Debug|Any CPU
		{0AEC28D8-5486-4C56-98A5-07E6C1380860}.Debug|Any CPU.Build.0 = Debug|Any CPU
		{0AEC28D8-5486-4C56-98A5-07E6C1380860}.Release|Any CPU.ActiveCfg = Release|Any CPU
		{0AEC28D8-5486-4C56-98A5-07E6C1380860}.Release|Any CPU.Build.0 = Release|Any CPU
		{FE405C2F-6F3B-4822-8FF4-A8750D36B672}.Debug|Any CPU.ActiveCfg = Debug|Any CPU
		{FE405C2F-6F3B-4822-8FF4-A8750D36B672}.Debug|Any CPU.Build.0 = Debug|Any CPU
		{FE405C2F-6F3B-4822-8FF4-A8750D36B672}.Release|Any CPU.ActiveCfg = Release|Any CPU
		{FE405C2F-6F3B-4822-8FF4-A8750D36B672}.Release|Any CPU.Build.0 = Release|Any CPU
		{BF805D0C-1F81-44C9-AD6A-CDB413A1C890}.Debug|Any CPU.ActiveCfg = Debug|Any CPU
		{BF805D0C-1F81-44C9-AD6A-CDB413A1C890}.Debug|Any CPU.Build.0 = Debug|Any CPU
		{BF805D0C-1F81-44C9-AD6A-CDB413A1C890}.Release|Any CPU.ActiveCfg = Release|Any CPU
		{BF805D0C-1F81-44C9-AD6A-CDB413A1C890}.Release|Any CPU.Build.0 = Release|Any CPU
		{E3BC77FD-15D5-49D9-ABCF-953621DB70AA}.Debug|Any CPU.ActiveCfg = Debug|Any CPU
		{E3BC77FD-15D5-49D9-ABCF-953621DB70AA}.Debug|Any CPU.Build.0 = Debug|Any CPU
		{E3BC77FD-15D5-49D9-ABCF-953621DB70AA}.Release|Any CPU.ActiveCfg = Release|Any CPU
		{E3BC77FD-15D5-49D9-ABCF-953621DB70AA}.Release|Any CPU.Build.0 = Release|Any CPU
		{8AB5CCE4-945B-42F2-9D45-CC9425BCED39}.Debug|Any CPU.ActiveCfg = Debug|Any CPU
		{8AB5CCE4-945B-42F2-9D45-CC9425BCED39}.Debug|Any CPU.Build.0 = Debug|Any CPU
		{8AB5CCE4-945B-42F2-9D45-CC9425BCED39}.Release|Any CPU.ActiveCfg = Release|Any CPU
		{8AB5CCE4-945B-42F2-9D45-CC9425BCED39}.Release|Any CPU.Build.0 = Release|Any CPU
		{655B689B-008A-4B4C-8408-FCA9C0889620}.Debug|Any CPU.ActiveCfg = Debug|Any CPU
		{655B689B-008A-4B4C-8408-FCA9C0889620}.Debug|Any CPU.Build.0 = Debug|Any CPU
		{655B689B-008A-4B4C-8408-FCA9C0889620}.Release|Any CPU.ActiveCfg = Release|Any CPU
		{655B689B-008A-4B4C-8408-FCA9C0889620}.Release|Any CPU.Build.0 = Release|Any CPU
	EndGlobalSection
	GlobalSection(SolutionProperties) = preSolution
		HideSolutionNode = FALSE
	EndGlobalSection
	GlobalSection(ExtensibilityGlobals) = postSolution
		SolutionGuid = {97EF805B-F442-4220-9769-E8332D51DF46}
	EndGlobalSection
EndGlobal
