
Microsoft Visual Studio Solution File, Format Version 12.00
# Visual Studio 14
VisualStudioVersion = 14.0.25420.1
MinimumVisualStudioVersion = 10.0.40219.1
Project("{8BB2217D-0F2D-49D1-97BC-3654ED321F3B}") = "XlsToEf", "XlsToEf\XlsToEf.xproj", "{0AEC28D8-5486-4C56-98A5-07E6C1380860}"
EndProject
Project("{8BB2217D-0F2D-49D1-97BC-3654ED321F3B}") = "XlsToEf.Tests", "XlsToEf.Tests\XlsToEf.Tests.xproj", "{69C176A1-3A9C-484B-A613-FF83BEB416A4}"
EndProject
Global
	GlobalSection(SolutionConfigurationPlatforms) = preSolution
		Debug|Any CPU = Debug|Any CPU
		Release|Any CPU = Release|Any CPU
	EndGlobalSection
	GlobalSection(ProjectConfigurationPlatforms) = postSolution
		{0AEC28D8-5486-4C56-98A5-07E6C1380860}.Debug|Any CPU.ActiveCfg = Debug|Any CPU
		{0AEC28D8-5486-4C56-98A5-07E6C1380860}.Debug|Any CPU.Build.0 = Debug|Any CPU
		{0AEC28D8-5486-4C56-98A5-07E6C1380860}.Release|Any CPU.ActiveCfg = Release|Any CPU
		{0AEC28D8-5486-4C56-98A5-07E6C1380860}.Release|Any CPU.Build.0 = Release|Any CPU
		{69C176A1-3A9C-484B-A613-FF83BEB416A4}.Debug|Any CPU.ActiveCfg = Debug|Any CPU
		{69C176A1-3A9C-484B-A613-FF83BEB416A4}.Debug|Any CPU.Build.0 = Debug|Any CPU
		{69C176A1-3A9C-484B-A613-FF83BEB416A4}.Release|Any CPU.ActiveCfg = Release|Any CPU
		{69C176A1-3A9C-484B-A613-FF83BEB416A4}.Release|Any CPU.Build.0 = Release|Any CPU
	EndGlobalSection
	GlobalSection(SolutionProperties) = preSolution
		HideSolutionNode = FALSE
	EndGlobalSection
EndGlobal
